
Microsoft Visual Studio Solution File, Format Version 11.00
# Visual Studio 2010
Project("{FAE04EC0-301F-11D3-BF4B-00C04F79EFBC}") = "Assembly-CSharp", "Assembly-CSharp.csproj", "{687c3bfa-a129-7eff-6d36-b0e8d595f076}"
EndProject
Project("{FAE04EC0-301F-11D3-BF4B-00C04F79EFBC}") = "Assembly-CSharp-Editor", "Assembly-CSharp-Editor.csproj", "{bc4ddf6f-7e98-83a3-0b63-9970334e3462}"
EndProject
Global
	GlobalSection(SolutionConfigurationPlatforms) = preSolution
		Debug|Any CPU = Debug|Any CPU
	EndGlobalSection
	GlobalSection(ProjectConfigurationPlatforms) = postSolution
		{687c3bfa-a129-7eff-6d36-b0e8d595f076}.Debug|Any CPU.ActiveCfg = Debug|Any CPU
		{687c3bfa-a129-7eff-6d36-b0e8d595f076}.Debug|Any CPU.Build.0 = Debug|Any CPU
		{bc4ddf6f-7e98-83a3-0b63-9970334e3462}.Debug|Any CPU.ActiveCfg = Debug|Any CPU
		{bc4ddf6f-7e98-83a3-0b63-9970334e3462}.Debug|Any CPU.Build.0 = Debug|Any CPU
	EndGlobalSection
	GlobalSection(SolutionProperties) = preSolution
		HideSolutionNode = FALSE
	EndGlobalSection
EndGlobal
